
Microsoft Visual Studio Solution File, Format Version 12.00
# Visual Studio Version 17
VisualStudioVersion = 17.8.34330.188
MinimumVisualStudioVersion = 10.0.40219.1
Project("{9A19103F-16F7-4668-BE54-9A1E7A4F7556}") = "Architecht.Domain", "Architecht.Domain\Architecht.Domain.csproj", "{F811AF2B-A481-494D-B2A7-2E81F853089B}"
EndProject
Project("{9A19103F-16F7-4668-BE54-9A1E7A4F7556}") = "Architecht.Infrastructure", "Architecht.Infrastructure\Architecht.Infrastructure.csproj", "{01E40416-37DC-4B61-B700-A383B1A8C0F2}"
EndProject
Project("{2150E333-8FDC-42A3-9474-1A3956D46DE8}") = "Solution Items", "Solution Items", "{53AC4548-2FCE-4066-BFA9-CF07CFE5A234}"
	ProjectSection(SolutionItems) = preProject
		Patterns.txt = Patterns.txt
	EndProjectSection
EndProject
Project("{9A19103F-16F7-4668-BE54-9A1E7A4F7556}") = "Architecht.API", "Architecht.API\Architecht.API.csproj", "{DA4F7CA4-9522-4337-B6CF-CD644C0C1472}"
EndProject
Project("{9A19103F-16F7-4668-BE54-9A1E7A4F7556}") = "Architecht.Application", "Architecht.Application\Architecht.Application.csproj", "{C4FCEE3D-3372-481D-9014-2EF40037BECC}"
EndProject
Project("{2150E333-8FDC-42A3-9474-1A3956D46DE8}") = "DesignPatterns", "DesignPatterns", "{6F2CDF00-8D06-47A8-9385-A4553AFF9244}"
EndProject
Project("{FAE04EC0-301F-11D3-BF4B-00C04F79EFBC}") = "DependencyInjectionPattern", "DependencyInjectionPattern\DependencyInjectionPattern.csproj", "{D6AD12E2-FA8C-4413-8743-279C08F254A0}"
EndProject
Project("{FAE04EC0-301F-11D3-BF4B-00C04F79EFBC}") = "DependencyInjectionPattern2", "DependencyInjectionPattern2\DependencyInjectionPattern2.csproj", "{356797AC-9611-48EC-A04D-A6EE04BA89A8}"
EndProject
Project("{FAE04EC0-301F-11D3-BF4B-00C04F79EFBC}") = "DependencyInjectionSingletonScopedTransient", "DependencyInjectionSingletonScopedTransient\DependencyInjectionSingletonScopedTransient.csproj", "{C84C2582-1E09-43A2-B6C4-0004C5B0E4CB}"
EndProject
Project("{FAE04EC0-301F-11D3-BF4B-00C04F79EFBC}") = "SingletonPattern", "SingletonPattern\SingletonPattern.csproj", "{3CA99151-6DA9-4BF9-ADA2-9BF5BD3D62FF}"
EndProject
Project("{2150E333-8FDC-42A3-9474-1A3956D46DE8}") = "Creational", "Creational", "{D7D631EB-938C-4817-9ABC-06713FB3AF85}"
EndProject
Project("{FAE04EC0-301F-11D3-BF4B-00C04F79EFBC}") = "PrototypePattern", "PrototypePattern\PrototypePattern.csproj", "{33853A10-9738-4D80-816F-E3CF03F68BCA}"
EndProject
Project("{FAE04EC0-301F-11D3-BF4B-00C04F79EFBC}") = "FactoryMethodPattern", "FactoryMethodPattern\FactoryMethodPattern.csproj", "{EEDEC390-A702-4A4B-9146-62BC364A1018}"
EndProject
Project("{2150E333-8FDC-42A3-9474-1A3956D46DE8}") = "Behavioral", "Behavioral", "{5BFC0A75-1B57-45B3-9D82-CDACEECC5B4C}"
EndProject
Project("{FAE04EC0-301F-11D3-BF4B-00C04F79EFBC}") = "ObserverPattern", "ObserverPattern\ObserverPattern.csproj", "{1B357A4F-6A1D-4003-A853-4D7D8E377757}"
EndProject
Project("{FAE04EC0-301F-11D3-BF4B-00C04F79EFBC}") = "StatePattern", "StatePattern\StatePattern.csproj", "{B7CE0608-3370-4DB8-A3B8-9308A21D18C2}"
EndProject
Project("{FAE04EC0-301F-11D3-BF4B-00C04F79EFBC}") = "CommandPattern", "CommandPattern\CommandPattern.csproj", "{7974AED8-4AB8-4F24-89E9-78DDDA1179CF}"
EndProject
Project("{FAE04EC0-301F-11D3-BF4B-00C04F79EFBC}") = "BuilderPattern", "BuilderPattern\BuilderPattern.csproj", "{D80F28B2-8EBF-4777-A344-8335C67B420F}"
EndProject
Project("{FAE04EC0-301F-11D3-BF4B-00C04F79EFBC}") = "StrategyPattern", "StrategyPattern\StrategyPattern.csproj", "{DF4B71A0-DEB2-4AA5-B76C-5711F3EE41E3}"
EndProject
Project("{2150E333-8FDC-42A3-9474-1A3956D46DE8}") = "Structural", "Structural", "{EDB01D94-9926-410A-91AB-FD01F40D072E}"
EndProject
Project("{FAE04EC0-301F-11D3-BF4B-00C04F79EFBC}") = "AdapterPattern", "AdapterPattern\AdapterPattern.csproj", "{3D6CE3B0-FC7E-4408-A131-258703E81D98}"
EndProject
Project("{FAE04EC0-301F-11D3-BF4B-00C04F79EFBC}") = "BridgePattern", "BridgePattern\BridgePattern.csproj", "{7C50026F-5856-404E-A3F2-C3B6101E5747}"
EndProject
Project("{FAE04EC0-301F-11D3-BF4B-00C04F79EFBC}") = "DecoratorPattern", "DecoratorPattern\DecoratorPattern.csproj", "{39E8C612-E0D7-4B26-A3E7-79094B795C0E}"
EndProject
Project("{FAE04EC0-301F-11D3-BF4B-00C04F79EFBC}") = "ChainPattern", "ChainPattern\ChainPattern.csproj", "{4E214B60-A419-44D5-8C9C-EFDEEE9BD0CA}"
EndProject
Project("{FAE04EC0-301F-11D3-BF4B-00C04F79EFBC}") = "MediatorPattern", "MediatorPattern\MediatorPattern.csproj", "{1F87E439-EC83-4FFF-A1F9-66FF795802A8}"
EndProject
Project("{FAE04EC0-301F-11D3-BF4B-00C04F79EFBC}") = "TemplateMethodPattern", "TemplateMethodPattern\TemplateMethodPattern.csproj", "{E7FC48BD-3D45-4A0E-92AA-BB97583BEBED}"
EndProject
Global
	GlobalSection(SolutionConfigurationPlatforms) = preSolution
		Debug|Any CPU = Debug|Any CPU
		Release|Any CPU = Release|Any CPU
	EndGlobalSection
	GlobalSection(ProjectConfigurationPlatforms) = postSolution
		{F811AF2B-A481-494D-B2A7-2E81F853089B}.Debug|Any CPU.ActiveCfg = Debug|Any CPU
		{F811AF2B-A481-494D-B2A7-2E81F853089B}.Debug|Any CPU.Build.0 = Debug|Any CPU
		{F811AF2B-A481-494D-B2A7-2E81F853089B}.Release|Any CPU.ActiveCfg = Release|Any CPU
		{F811AF2B-A481-494D-B2A7-2E81F853089B}.Release|Any CPU.Build.0 = Release|Any CPU
		{01E40416-37DC-4B61-B700-A383B1A8C0F2}.Debug|Any CPU.ActiveCfg = Debug|Any CPU
		{01E40416-37DC-4B61-B700-A383B1A8C0F2}.Debug|Any CPU.Build.0 = Debug|Any CPU
		{01E40416-37DC-4B61-B700-A383B1A8C0F2}.Release|Any CPU.ActiveCfg = Release|Any CPU
		{01E40416-37DC-4B61-B700-A383B1A8C0F2}.Release|Any CPU.Build.0 = Release|Any CPU
		{DA4F7CA4-9522-4337-B6CF-CD644C0C1472}.Debug|Any CPU.ActiveCfg = Debug|Any CPU
		{DA4F7CA4-9522-4337-B6CF-CD644C0C1472}.Debug|Any CPU.Build.0 = Debug|Any CPU
		{DA4F7CA4-9522-4337-B6CF-CD644C0C1472}.Release|Any CPU.ActiveCfg = Release|Any CPU
		{DA4F7CA4-9522-4337-B6CF-CD644C0C1472}.Release|Any CPU.Build.0 = Release|Any CPU
		{C4FCEE3D-3372-481D-9014-2EF40037BECC}.Debug|Any CPU.ActiveCfg = Debug|Any CPU
		{C4FCEE3D-3372-481D-9014-2EF40037BECC}.Debug|Any CPU.Build.0 = Debug|Any CPU
		{C4FCEE3D-3372-481D-9014-2EF40037BECC}.Release|Any CPU.ActiveCfg = Release|Any CPU
		{C4FCEE3D-3372-481D-9014-2EF40037BECC}.Release|Any CPU.Build.0 = Release|Any CPU
		{D6AD12E2-FA8C-4413-8743-279C08F254A0}.Debug|Any CPU.ActiveCfg = Debug|Any CPU
		{D6AD12E2-FA8C-4413-8743-279C08F254A0}.Debug|Any CPU.Build.0 = Debug|Any CPU
		{D6AD12E2-FA8C-4413-8743-279C08F254A0}.Release|Any CPU.ActiveCfg = Release|Any CPU
		{D6AD12E2-FA8C-4413-8743-279C08F254A0}.Release|Any CPU.Build.0 = Release|Any CPU
		{356797AC-9611-48EC-A04D-A6EE04BA89A8}.Debug|Any CPU.ActiveCfg = Debug|Any CPU
		{356797AC-9611-48EC-A04D-A6EE04BA89A8}.Debug|Any CPU.Build.0 = Debug|Any CPU
		{356797AC-9611-48EC-A04D-A6EE04BA89A8}.Release|Any CPU.ActiveCfg = Release|Any CPU
		{356797AC-9611-48EC-A04D-A6EE04BA89A8}.Release|Any CPU.Build.0 = Release|Any CPU
		{C84C2582-1E09-43A2-B6C4-0004C5B0E4CB}.Debug|Any CPU.ActiveCfg = Debug|Any CPU
		{C84C2582-1E09-43A2-B6C4-0004C5B0E4CB}.Debug|Any CPU.Build.0 = Debug|Any CPU
		{C84C2582-1E09-43A2-B6C4-0004C5B0E4CB}.Release|Any CPU.ActiveCfg = Release|Any CPU
		{C84C2582-1E09-43A2-B6C4-0004C5B0E4CB}.Release|Any CPU.Build.0 = Release|Any CPU
		{3CA99151-6DA9-4BF9-ADA2-9BF5BD3D62FF}.Debug|Any CPU.ActiveCfg = Debug|Any CPU
		{3CA99151-6DA9-4BF9-ADA2-9BF5BD3D62FF}.Debug|Any CPU.Build.0 = Debug|Any CPU
		{3CA99151-6DA9-4BF9-ADA2-9BF5BD3D62FF}.Release|Any CPU.ActiveCfg = Release|Any CPU
		{3CA99151-6DA9-4BF9-ADA2-9BF5BD3D62FF}.Release|Any CPU.Build.0 = Release|Any CPU
		{33853A10-9738-4D80-816F-E3CF03F68BCA}.Debug|Any CPU.ActiveCfg = Debug|Any CPU
		{33853A10-9738-4D80-816F-E3CF03F68BCA}.Debug|Any CPU.Build.0 = Debug|Any CPU
		{33853A10-9738-4D80-816F-E3CF03F68BCA}.Release|Any CPU.ActiveCfg = Release|Any CPU
		{33853A10-9738-4D80-816F-E3CF03F68BCA}.Release|Any CPU.Build.0 = Release|Any CPU
		{EEDEC390-A702-4A4B-9146-62BC364A1018}.Debug|Any CPU.ActiveCfg = Debug|Any CPU
		{EEDEC390-A702-4A4B-9146-62BC364A1018}.Debug|Any CPU.Build.0 = Debug|Any CPU
		{EEDEC390-A702-4A4B-9146-62BC364A1018}.Release|Any CPU.ActiveCfg = Release|Any CPU
		{EEDEC390-A702-4A4B-9146-62BC364A1018}.Release|Any CPU.Build.0 = Release|Any CPU
		{1B357A4F-6A1D-4003-A853-4D7D8E377757}.Debug|Any CPU.ActiveCfg = Debug|Any CPU
		{1B357A4F-6A1D-4003-A853-4D7D8E377757}.Debug|Any CPU.Build.0 = Debug|Any CPU
		{1B357A4F-6A1D-4003-A853-4D7D8E377757}.Release|Any CPU.ActiveCfg = Release|Any CPU
		{1B357A4F-6A1D-4003-A853-4D7D8E377757}.Release|Any CPU.Build.0 = Release|Any CPU
		{B7CE0608-3370-4DB8-A3B8-9308A21D18C2}.Debug|Any CPU.ActiveCfg = Debug|Any CPU
		{B7CE0608-3370-4DB8-A3B8-9308A21D18C2}.Debug|Any CPU.Build.0 = Debug|Any CPU
		{B7CE0608-3370-4DB8-A3B8-9308A21D18C2}.Release|Any CPU.ActiveCfg = Release|Any CPU
		{B7CE0608-3370-4DB8-A3B8-9308A21D18C2}.Release|Any CPU.Build.0 = Release|Any CPU
		{7974AED8-4AB8-4F24-89E9-78DDDA1179CF}.Debug|Any CPU.ActiveCfg = Debug|Any CPU
		{7974AED8-4AB8-4F24-89E9-78DDDA1179CF}.Debug|Any CPU.Build.0 = Debug|Any CPU
		{7974AED8-4AB8-4F24-89E9-78DDDA1179CF}.Release|Any CPU.ActiveCfg = Release|Any CPU
		{7974AED8-4AB8-4F24-89E9-78DDDA1179CF}.Release|Any CPU.Build.0 = Release|Any CPU
		{D80F28B2-8EBF-4777-A344-8335C67B420F}.Debug|Any CPU.ActiveCfg = Debug|Any CPU
		{D80F28B2-8EBF-4777-A344-8335C67B420F}.Debug|Any CPU.Build.0 = Debug|Any CPU
		{D80F28B2-8EBF-4777-A344-8335C67B420F}.Release|Any CPU.ActiveCfg = Release|Any CPU
		{D80F28B2-8EBF-4777-A344-8335C67B420F}.Release|Any CPU.Build.0 = Release|Any CPU
		{DF4B71A0-DEB2-4AA5-B76C-5711F3EE41E3}.Debug|Any CPU.ActiveCfg = Debug|Any CPU
		{DF4B71A0-DEB2-4AA5-B76C-5711F3EE41E3}.Debug|Any CPU.Build.0 = Debug|Any CPU
		{DF4B71A0-DEB2-4AA5-B76C-5711F3EE41E3}.Release|Any CPU.ActiveCfg = Release|Any CPU
		{DF4B71A0-DEB2-4AA5-B76C-5711F3EE41E3}.Release|Any CPU.Build.0 = Release|Any CPU
		{3D6CE3B0-FC7E-4408-A131-258703E81D98}.Debug|Any CPU.ActiveCfg = Debug|Any CPU
		{3D6CE3B0-FC7E-4408-A131-258703E81D98}.Debug|Any CPU.Build.0 = Debug|Any CPU
		{3D6CE3B0-FC7E-4408-A131-258703E81D98}.Release|Any CPU.ActiveCfg = Release|Any CPU
		{3D6CE3B0-FC7E-4408-A131-258703E81D98}.Release|Any CPU.Build.0 = Release|Any CPU
		{7C50026F-5856-404E-A3F2-C3B6101E5747}.Debug|Any CPU.ActiveCfg = Debug|Any CPU
		{7C50026F-5856-404E-A3F2-C3B6101E5747}.Debug|Any CPU.Build.0 = Debug|Any CPU
		{7C50026F-5856-404E-A3F2-C3B6101E5747}.Release|Any CPU.ActiveCfg = Release|Any CPU
		{7C50026F-5856-404E-A3F2-C3B6101E5747}.Release|Any CPU.Build.0 = Release|Any CPU
		{39E8C612-E0D7-4B26-A3E7-79094B795C0E}.Debug|Any CPU.ActiveCfg = Debug|Any CPU
		{39E8C612-E0D7-4B26-A3E7-79094B795C0E}.Debug|Any CPU.Build.0 = Debug|Any CPU
		{39E8C612-E0D7-4B26-A3E7-79094B795C0E}.Release|Any CPU.ActiveCfg = Release|Any CPU
		{39E8C612-E0D7-4B26-A3E7-79094B795C0E}.Release|Any CPU.Build.0 = Release|Any CPU
		{4E214B60-A419-44D5-8C9C-EFDEEE9BD0CA}.Debug|Any CPU.ActiveCfg = Debug|Any CPU
		{4E214B60-A419-44D5-8C9C-EFDEEE9BD0CA}.Debug|Any CPU.Build.0 = Debug|Any CPU
		{4E214B60-A419-44D5-8C9C-EFDEEE9BD0CA}.Release|Any CPU.ActiveCfg = Release|Any CPU
		{4E214B60-A419-44D5-8C9C-EFDEEE9BD0CA}.Release|Any CPU.Build.0 = Release|Any CPU
		{1F87E439-EC83-4FFF-A1F9-66FF795802A8}.Debug|Any CPU.ActiveCfg = Debug|Any CPU
		{1F87E439-EC83-4FFF-A1F9-66FF795802A8}.Debug|Any CPU.Build.0 = Debug|Any CPU
		{1F87E439-EC83-4FFF-A1F9-66FF795802A8}.Release|Any CPU.ActiveCfg = Release|Any CPU
		{1F87E439-EC83-4FFF-A1F9-66FF795802A8}.Release|Any CPU.Build.0 = Release|Any CPU
		{E7FC48BD-3D45-4A0E-92AA-BB97583BEBED}.Debug|Any CPU.ActiveCfg = Debug|Any CPU
		{E7FC48BD-3D45-4A0E-92AA-BB97583BEBED}.Debug|Any CPU.Build.0 = Debug|Any CPU
		{E7FC48BD-3D45-4A0E-92AA-BB97583BEBED}.Release|Any CPU.ActiveCfg = Release|Any CPU
		{E7FC48BD-3D45-4A0E-92AA-BB97583BEBED}.Release|Any CPU.Build.0 = Release|Any CPU
	EndGlobalSection
	GlobalSection(SolutionProperties) = preSolution
		HideSolutionNode = FALSE
	EndGlobalSection
	GlobalSection(NestedProjects) = preSolution
		{D6AD12E2-FA8C-4413-8743-279C08F254A0} = {6F2CDF00-8D06-47A8-9385-A4553AFF9244}
		{356797AC-9611-48EC-A04D-A6EE04BA89A8} = {6F2CDF00-8D06-47A8-9385-A4553AFF9244}
		{C84C2582-1E09-43A2-B6C4-0004C5B0E4CB} = {6F2CDF00-8D06-47A8-9385-A4553AFF9244}
		{3CA99151-6DA9-4BF9-ADA2-9BF5BD3D62FF} = {D7D631EB-938C-4817-9ABC-06713FB3AF85}
		{D7D631EB-938C-4817-9ABC-06713FB3AF85} = {6F2CDF00-8D06-47A8-9385-A4553AFF9244}
		{33853A10-9738-4D80-816F-E3CF03F68BCA} = {D7D631EB-938C-4817-9ABC-06713FB3AF85}
		{EEDEC390-A702-4A4B-9146-62BC364A1018} = {D7D631EB-938C-4817-9ABC-06713FB3AF85}
		{5BFC0A75-1B57-45B3-9D82-CDACEECC5B4C} = {6F2CDF00-8D06-47A8-9385-A4553AFF9244}
		{1B357A4F-6A1D-4003-A853-4D7D8E377757} = {5BFC0A75-1B57-45B3-9D82-CDACEECC5B4C}
		{B7CE0608-3370-4DB8-A3B8-9308A21D18C2} = {5BFC0A75-1B57-45B3-9D82-CDACEECC5B4C}
		{7974AED8-4AB8-4F24-89E9-78DDDA1179CF} = {5BFC0A75-1B57-45B3-9D82-CDACEECC5B4C}
		{D80F28B2-8EBF-4777-A344-8335C67B420F} = {D7D631EB-938C-4817-9ABC-06713FB3AF85}
		{DF4B71A0-DEB2-4AA5-B76C-5711F3EE41E3} = {5BFC0A75-1B57-45B3-9D82-CDACEECC5B4C}
		{EDB01D94-9926-410A-91AB-FD01F40D072E} = {6F2CDF00-8D06-47A8-9385-A4553AFF9244}
		{3D6CE3B0-FC7E-4408-A131-258703E81D98} = {EDB01D94-9926-410A-91AB-FD01F40D072E}
		{7C50026F-5856-404E-A3F2-C3B6101E5747} = {EDB01D94-9926-410A-91AB-FD01F40D072E}
		{39E8C612-E0D7-4B26-A3E7-79094B795C0E} = {EDB01D94-9926-410A-91AB-FD01F40D072E}
		{4E214B60-A419-44D5-8C9C-EFDEEE9BD0CA} = {5BFC0A75-1B57-45B3-9D82-CDACEECC5B4C}
		{1F87E439-EC83-4FFF-A1F9-66FF795802A8} = {5BFC0A75-1B57-45B3-9D82-CDACEECC5B4C}
		{E7FC48BD-3D45-4A0E-92AA-BB97583BEBED} = {5BFC0A75-1B57-45B3-9D82-CDACEECC5B4C}
	EndGlobalSection
	GlobalSection(ExtensibilityGlobals) = postSolution
		SolutionGuid = {EF4F3080-1A9E-4033-99C0-CE17FFFE8B03}
	EndGlobalSection
EndGlobal
